
Microsoft Visual Studio Solution File, Format Version 12.00
# Visual Studio Version 17
VisualStudioVersion = 17.5.33502.453
MinimumVisualStudioVersion = 10.0.40219.1
Project("{FAE04EC0-301F-11D3-BF4B-00C04F79EFBC}") = "deadlock", "deadlock\deadlock.csproj", "{83CB8410-9582-44D6-93F6-FDD28DF8F431}"
EndProject
Global
	GlobalSection(SolutionConfigurationPlatforms) = preSolution
		Debug|Any CPU = Debug|Any CPU
		Release|Any CPU = Release|Any CPU
	EndGlobalSection
	GlobalSection(ProjectConfigurationPlatforms) = postSolution
		{83CB8410-9582-44D6-93F6-FDD28DF8F431}.Debug|Any CPU.ActiveCfg = Debug|Any CPU
		{83CB8410-9582-44D6-93F6-FDD28DF8F431}.Debug|Any CPU.Build.0 = Debug|Any CPU
		{83CB8410-9582-44D6-93F6-FDD28DF8F431}.Release|Any CPU.ActiveCfg = Release|Any CPU
		{83CB8410-9582-44D6-93F6-FDD28DF8F431}.Release|Any CPU.Build.0 = Release|Any CPU
	EndGlobalSection
	GlobalSection(SolutionProperties) = preSolution
		HideSolutionNode = FALSE
	EndGlobalSection
	GlobalSection(ExtensibilityGlobals) = postSolution
		SolutionGuid = {FAACBB0F-2AE9-4030-9ECA-3BE2DFF0D66B}
	EndGlobalSection
EndGlobal
