
Microsoft Visual Studio Solution File, Format Version 12.00
# Visual Studio Version 17
VisualStudioVersion = 17.5.33502.453
MinimumVisualStudioVersion = 10.0.40219.1
Project("{8BC9CEB8-8B4A-11D0-8D11-00A0C91BC942}") = "practice-examen", "practice-examen\practice-examen.vcxproj", "{573B9A67-825B-4DB4-B144-437EA86C8EFA}"
EndProject
Global
	GlobalSection(SolutionConfigurationPlatforms) = preSolution
		Debug|x64 = Debug|x64
		Release|x64 = Release|x64
	EndGlobalSection
	GlobalSection(ProjectConfigurationPlatforms) = postSolution
		{573B9A67-825B-4DB4-B144-437EA86C8EFA}.Debug|x64.ActiveCfg = Debug|x64
		{573B9A67-825B-4DB4-B144-437EA86C8EFA}.Debug|x64.Build.0 = Debug|x64
		{573B9A67-825B-4DB4-B144-437EA86C8EFA}.Release|x64.ActiveCfg = Release|x64
		{573B9A67-825B-4DB4-B144-437EA86C8EFA}.Release|x64.Build.0 = Release|x64
	EndGlobalSection
	GlobalSection(SolutionProperties) = preSolution
		HideSolutionNode = FALSE
	EndGlobalSection
	GlobalSection(ExtensibilityGlobals) = postSolution
		SolutionGuid = {2A4AC499-0739-4DB0-9176-4DE0573342D7}
	EndGlobalSection
EndGlobal
